{
  "version": 4,
  "terraform_version": "1.3.3",
  "serial": 2,
  "lineage": "9f7ba5de-f91f-29b7-8b82-07bdadb9e1ac",
  "outputs": {},
  "resources": [
    {
      "mode": "managed",
      "type": "local_file",
      "name": "file",
      "provider": "provider[\"registry.terraform.io/hashicorp/local\"]",
      "instances": [
        {
          "schema_version": 0,
          "attributes": {
            "content": "hello samra",
            "content_base64": null,
            "content_base64sha256": "XMy6qteOjr4zWZRLQzB9JhJ1fD0fRiDquoVsTQwFB6U=",
            "content_base64sha512": "1CJ3sR+TuFpIe17zLDU9OzO6N0XZNK2mbzg542RGbSPyVetjf68XQsFM84vZkT12fWRk6kpMmahVbJEDiJyj3A==",
            "content_md5": "47c7e032a683fdf433c52d326cb08a2e",
            "content_sha1": "64d923ab0040b5494785bf4c9c0cdebde68b554b",
            "content_sha256": "5cccbaaad78e8ebe3359944b43307d2612757c3d1f4620eaba856c4d0c0507a5",
            "content_sha512": "d42277b11f93b85a487b5ef32c353d3b33ba3745d934ada66f3839e364466d23f255eb637faf1742c14cf38bd9913d767d6464ea4a4c99a8556c9103889ca3dc",
            "directory_permission": "0777",
            "file_permission": "0777",
            "filename": "file.log",
            "id": "64d923ab0040b5494785bf4c9c0cdebde68b554b",
            "sensitive_content": null,
            "source": null
          },
          "sensitive_attributes": []
        }
      ]
    }
  ],
  "check_results": []
}
